{
    "_readme": [
        "This file locks the dependencies of your project to a known state",
        "Read more about it at https://getcomposer.org/doc/01-basic-usage.md#installing-dependencies",
        "This file is @generated automatically"
    ],
    "content-hash": "d7c29ef8d68d46cd9766e6a821d52ce2",
    "packages": [
        {
            "name": "viest/php-ext-xlswriter-ide-helper",
            "version": "dev-master",
            "source": {
                "type": "git",
                "url": "https://github.com/viest/php-ext-xlswriter-ide-helper.git",
                "reference": "47e61d1a4e1eddecd41f862c5503dc30657fd4d1"
            },
            "dist": {
                "type": "zip",
                "url": "https://api.github.com/repos/viest/php-ext-xlswriter-ide-helper/zipball/47e61d1a4e1eddecd41f862c5503dc30657fd4d1",
                "reference": "47e61d1a4e1eddecd41f862c5503dc30657fd4d1",
                "shasum": "",
                "mirrors": [
                    {
                        "url": "https://mirrors.aliyun.com/composer/dists/%package%/%reference%.%type%",
                        "preferred": true
                    }
                ]
            },
            "require": {
                "php": ">=7"
            },
            "type": "library",
            "autoload": {
                "psr-4": {
                    "Vtiful\\Kernel\\": "src/"
                }
            },
            "notification-url": "https://packagist.org/downloads/",
            "license": [
                "MIT"
            ],
            "authors": [
                {
                    "name": "viest",
                    "email": "wjx@php.net"
                }
            ],
            "description": "PHP Extension Xlswriter IDE Helper",
            "time": "2019-12-11T09:11:49+00:00"
        }
    ],
    "packages-dev": [],
    "aliases": [],
    "minimum-stability": "stable",
    "stability-flags": {
        "viest/php-ext-xlswriter-ide-helper": 20
    },
    "prefer-stable": false,
    "prefer-lowest": false,
    "platform": [],
    "platform-dev": []
}
